{
  "name": "@neo9/n9-node-log",
  "version": "2.2.2",
  "lockfileVersion": 1,
  "requires": true,
  "dependencies": {
    "@types/node": {
      "version": "8.0.25",
      "resolved": "https://repo.neo9.pro/repository/npm-global/@types/node/-/node-8.0.25.tgz",
      "integrity": "sha512-zT+t9841g1HsjLtPMCYxmb1U4pcZ2TOegAKiomlmj6bIziuaEYHUavxLE9NRwdntY0vOCrgHho6OXjDX7fm/Kw=="
    },
    "@types/winston": {
      "version": "2.3.5",
      "resolved": "https://repo.neo9.pro/repository/npm-global/@types/winston/-/winston-2.3.5.tgz",
      "integrity": "sha512-qMkxq+pSJgqE9I5NKEDJvZgLe+jK9ItOOQL9Ee2miUTPZMBKVWSx55suLaiwrGyQ/VqHhuD9Jv31wko1eTaKqQ==",
      "requires": {
        "@types/node": "8.0.25"
      }
    }
  }
}
